
Microsoft Visual Studio Solution File, Format Version 12.00
# Visual Studio Version 17
VisualStudioVersion = 17.11.35327.3
MinimumVisualStudioVersion = 10.0.40219.1
Project("{FAE04EC0-301F-11D3-BF4B-00C04F79EFBC}") = "MyCommunitySite", "MyCommunitySite\MyCommunitySite.csproj", "{E080CB6C-6E87-4B07-BB63-9A8FBF2A3E24}"
EndProject
Global
	GlobalSection(SolutionConfigurationPlatforms) = preSolution
		Debug|Any CPU = Debug|Any CPU
		Release|Any CPU = Release|Any CPU
	EndGlobalSection
	GlobalSection(ProjectConfigurationPlatforms) = postSolution
		{E080CB6C-6E87-4B07-BB63-9A8FBF2A3E24}.Debug|Any CPU.ActiveCfg = Debug|Any CPU
		{E080CB6C-6E87-4B07-BB63-9A8FBF2A3E24}.Debug|Any CPU.Build.0 = Debug|Any CPU
		{E080CB6C-6E87-4B07-BB63-9A8FBF2A3E24}.Release|Any CPU.ActiveCfg = Release|Any CPU
		{E080CB6C-6E87-4B07-BB63-9A8FBF2A3E24}.Release|Any CPU.Build.0 = Release|Any CPU
	EndGlobalSection
	GlobalSection(SolutionProperties) = preSolution
		HideSolutionNode = FALSE
	EndGlobalSection
	GlobalSection(ExtensibilityGlobals) = postSolution
		SolutionGuid = {0D235936-CA3E-4288-980A-3F9C157E3140}
	EndGlobalSection
EndGlobal
